
Microsoft Visual Studio Solution File, Format Version 12.00
# Visual Studio 15
VisualStudioVersion = 15.0.27130.2036
MinimumVisualStudioVersion = 10.0.40219.1
Project("{2150E333-8FDC-42A3-9474-1A3956D46DE8}") = "src", "src", "{F78B18D1-904D-4F94-8896-8C9791CBC972}"
EndProject
Project("{FAE04EC0-301F-11D3-BF4B-00C04F79EFBC}") = "Enkel.UI", "src\E.UI\Enkel.UI.csproj", "{2C326C78-3A9D-40BE-B38B-6D64AE842383}"
EndProject
Project("{2150E333-8FDC-42A3-9474-1A3956D46DE8}") = "test", "test", "{36B38C61-2B7E-405B-AC67-623CA933F4DF}"
EndProject
Project("{FAE04EC0-301F-11D3-BF4B-00C04F79EFBC}") = "Enkel.UI.WPF", "src\E.UI.WPF\Enkel.UI.WPF.csproj", "{ADE178EF-6A24-4D60-8325-824390A0350C}"
EndProject
Project("{FAE04EC0-301F-11D3-BF4B-00C04F79EFBC}") = "Enkel.UI.Tests", "test\E.UI.Tests\Enkel.UI.Tests.csproj", "{DA8F635E-B0C5-4962-977B-EAE06CA8F31D}"
EndProject
Project("{FAE04EC0-301F-11D3-BF4B-00C04F79EFBC}") = "Enkel.UI.WPFTests", "test\E.UI.WPFTests\Enkel.UI.WPFTests.csproj", "{E35301E7-B4BC-42CC-9A9A-DBDE1A2715BF}"
EndProject
Project("{2150E333-8FDC-42A3-9474-1A3956D46DE8}") = "Solution Items", "Solution Items", "{3D2B660D-3DF9-4277-9383-3EBA0476DB1A}"
	ProjectSection(SolutionItems) = preProject
		SharedAssemblyInfo.cs = SharedAssemblyInfo.cs
	EndProjectSection
EndProject
Global
	GlobalSection(SolutionConfigurationPlatforms) = preSolution
		Debug|Any CPU = Debug|Any CPU
		Release|Any CPU = Release|Any CPU
	EndGlobalSection
	GlobalSection(ProjectConfigurationPlatforms) = postSolution
		{2C326C78-3A9D-40BE-B38B-6D64AE842383}.Debug|Any CPU.ActiveCfg = Debug|Any CPU
		{2C326C78-3A9D-40BE-B38B-6D64AE842383}.Debug|Any CPU.Build.0 = Debug|Any CPU
		{2C326C78-3A9D-40BE-B38B-6D64AE842383}.Release|Any CPU.ActiveCfg = Release|Any CPU
		{2C326C78-3A9D-40BE-B38B-6D64AE842383}.Release|Any CPU.Build.0 = Release|Any CPU
		{ADE178EF-6A24-4D60-8325-824390A0350C}.Debug|Any CPU.ActiveCfg = Debug|Any CPU
		{ADE178EF-6A24-4D60-8325-824390A0350C}.Debug|Any CPU.Build.0 = Debug|Any CPU
		{ADE178EF-6A24-4D60-8325-824390A0350C}.Release|Any CPU.ActiveCfg = Release|Any CPU
		{ADE178EF-6A24-4D60-8325-824390A0350C}.Release|Any CPU.Build.0 = Release|Any CPU
		{DA8F635E-B0C5-4962-977B-EAE06CA8F31D}.Debug|Any CPU.ActiveCfg = Debug|Any CPU
		{DA8F635E-B0C5-4962-977B-EAE06CA8F31D}.Debug|Any CPU.Build.0 = Debug|Any CPU
		{DA8F635E-B0C5-4962-977B-EAE06CA8F31D}.Release|Any CPU.ActiveCfg = Release|Any CPU
		{DA8F635E-B0C5-4962-977B-EAE06CA8F31D}.Release|Any CPU.Build.0 = Release|Any CPU
		{E35301E7-B4BC-42CC-9A9A-DBDE1A2715BF}.Debug|Any CPU.ActiveCfg = Debug|Any CPU
		{E35301E7-B4BC-42CC-9A9A-DBDE1A2715BF}.Debug|Any CPU.Build.0 = Debug|Any CPU
		{E35301E7-B4BC-42CC-9A9A-DBDE1A2715BF}.Release|Any CPU.ActiveCfg = Release|Any CPU
		{E35301E7-B4BC-42CC-9A9A-DBDE1A2715BF}.Release|Any CPU.Build.0 = Release|Any CPU
	EndGlobalSection
	GlobalSection(SolutionProperties) = preSolution
		HideSolutionNode = FALSE
	EndGlobalSection
	GlobalSection(NestedProjects) = preSolution
		{2C326C78-3A9D-40BE-B38B-6D64AE842383} = {F78B18D1-904D-4F94-8896-8C9791CBC972}
		{ADE178EF-6A24-4D60-8325-824390A0350C} = {F78B18D1-904D-4F94-8896-8C9791CBC972}
		{DA8F635E-B0C5-4962-977B-EAE06CA8F31D} = {36B38C61-2B7E-405B-AC67-623CA933F4DF}
		{E35301E7-B4BC-42CC-9A9A-DBDE1A2715BF} = {36B38C61-2B7E-405B-AC67-623CA933F4DF}
	EndGlobalSection
	GlobalSection(ExtensibilityGlobals) = postSolution
		SolutionGuid = {0A34B1BD-BF55-4E46-8CBA-B8BE522EF2D0}
	EndGlobalSection
EndGlobal
